
Microsoft Visual Studio Solution File, Format Version 12.00
# Visual Studio Version 16
VisualStudioVersion = 16.0.30104.148
MinimumVisualStudioVersion = 10.0.40219.1
Project("{9A19103F-16F7-4668-BE54-9A1E7A4F7556}") = "Tonymate", "Tonymate.csproj", "{BCE8B5DE-D350-440A-B4D4-B70A8D2856F0}"
EndProject
Global
	GlobalSection(SolutionConfigurationPlatforms) = preSolution
		Debug|Any CPU = Debug|Any CPU
		Release|Any CPU = Release|Any CPU
	EndGlobalSection
	GlobalSection(ProjectConfigurationPlatforms) = postSolution
		{BCE8B5DE-D350-440A-B4D4-B70A8D2856F0}.Debug|Any CPU.ActiveCfg = Debug|Any CPU
		{BCE8B5DE-D350-440A-B4D4-B70A8D2856F0}.Debug|Any CPU.Build.0 = Debug|Any CPU
		{BCE8B5DE-D350-440A-B4D4-B70A8D2856F0}.Release|Any CPU.ActiveCfg = Release|Any CPU
		{BCE8B5DE-D350-440A-B4D4-B70A8D2856F0}.Release|Any CPU.Build.0 = Release|Any CPU
	EndGlobalSection
	GlobalSection(SolutionProperties) = preSolution
		HideSolutionNode = FALSE
	EndGlobalSection
	GlobalSection(ExtensibilityGlobals) = postSolution
		SolutionGuid = {C30AA40A-E09D-417A-8F53-98DE150822A2}
	EndGlobalSection
EndGlobal
